
Microsoft Visual Studio Solution File, Format Version 12.00
# Visual Studio Version 16
VisualStudioVersion = 16.0.31729.503
MinimumVisualStudioVersion = 10.0.40219.1
Project("{8BC9CEB8-8B4A-11D0-8D11-00A0C91BC942}") = "Project1", "Project1\Project1.vcxproj", "{87461CAF-9B97-4336-8D50-D24BACD83051}"
EndProject
Global
	GlobalSection(SolutionConfigurationPlatforms) = preSolution
		Debug|x64 = Debug|x64
		Debug|x86 = Debug|x86
		Release|x64 = Release|x64
		Release|x86 = Release|x86
	EndGlobalSection
	GlobalSection(ProjectConfigurationPlatforms) = postSolution
		{87461CAF-9B97-4336-8D50-D24BACD83051}.Debug|x64.ActiveCfg = Debug|x64
		{87461CAF-9B97-4336-8D50-D24BACD83051}.Debug|x64.Build.0 = Debug|x64
		{87461CAF-9B97-4336-8D50-D24BACD83051}.Debug|x86.ActiveCfg = Debug|Win32
		{87461CAF-9B97-4336-8D50-D24BACD83051}.Debug|x86.Build.0 = Debug|Win32
		{87461CAF-9B97-4336-8D50-D24BACD83051}.Release|x64.ActiveCfg = Release|x64
		{87461CAF-9B97-4336-8D50-D24BACD83051}.Release|x64.Build.0 = Release|x64
		{87461CAF-9B97-4336-8D50-D24BACD83051}.Release|x86.ActiveCfg = Release|Win32
		{87461CAF-9B97-4336-8D50-D24BACD83051}.Release|x86.Build.0 = Release|Win32
	EndGlobalSection
	GlobalSection(SolutionProperties) = preSolution
		HideSolutionNode = FALSE
	EndGlobalSection
	GlobalSection(ExtensibilityGlobals) = postSolution
		SolutionGuid = {34777B74-D4D3-4E23-BD00-7A3D3A97CF31}
	EndGlobalSection
EndGlobal
